
Microsoft Visual Studio Solution File, Format Version 12.00
# Visual Studio Version 17
VisualStudioVersion = 17.14.36717.8
MinimumVisualStudioVersion = 10.0.40219.1
Project("{FAE04EC0-301F-11D3-BF4B-00C04F79EFBC}") = "FastApp", "FastApp.csproj", "{FC1C227C-4B2D-41A4-B62E-421798258ACC}"
EndProject
Project("{FAE04EC0-301F-11D3-BF4B-00C04F79EFBC}") = "FastApp.Tests", "FastApp.Tests\FastApp.Tests.csproj", "{D94B9F2F-EFAA-43D3-9E3E-3AFDBAF93927}"
EndProject
Global
	GlobalSection(SolutionConfigurationPlatforms) = preSolution
		Debug|Any CPU = Debug|Any CPU
		Debug|x64 = Debug|x64
		Debug|x86 = Debug|x86
		Release|Any CPU = Release|Any CPU
		Release|x64 = Release|x64
		Release|x86 = Release|x86
	EndGlobalSection
	GlobalSection(ProjectConfigurationPlatforms) = postSolution
		{FC1C227C-4B2D-41A4-B62E-421798258ACC}.Debug|Any CPU.ActiveCfg = Debug|Any CPU
		{FC1C227C-4B2D-41A4-B62E-421798258ACC}.Debug|Any CPU.Build.0 = Debug|Any CPU
		{FC1C227C-4B2D-41A4-B62E-421798258ACC}.Debug|x64.ActiveCfg = Debug|Any CPU
		{FC1C227C-4B2D-41A4-B62E-421798258ACC}.Debug|x64.Build.0 = Debug|Any CPU
		{FC1C227C-4B2D-41A4-B62E-421798258ACC}.Debug|x86.ActiveCfg = Debug|Any CPU
		{FC1C227C-4B2D-41A4-B62E-421798258ACC}.Debug|x86.Build.0 = Debug|Any CPU
		{FC1C227C-4B2D-41A4-B62E-421798258ACC}.Release|Any CPU.ActiveCfg = Release|Any CPU
		{FC1C227C-4B2D-41A4-B62E-421798258ACC}.Release|Any CPU.Build.0 = Release|Any CPU
		{FC1C227C-4B2D-41A4-B62E-421798258ACC}.Release|x64.ActiveCfg = Release|Any CPU
		{FC1C227C-4B2D-41A4-B62E-421798258ACC}.Release|x64.Build.0 = Release|Any CPU
		{FC1C227C-4B2D-41A4-B62E-421798258ACC}.Release|x86.ActiveCfg = Release|Any CPU
		{FC1C227C-4B2D-41A4-B62E-421798258ACC}.Release|x86.Build.0 = Release|Any CPU
		{D94B9F2F-EFAA-43D3-9E3E-3AFDBAF93927}.Debug|Any CPU.ActiveCfg = Debug|Any CPU
		{D94B9F2F-EFAA-43D3-9E3E-3AFDBAF93927}.Debug|Any CPU.Build.0 = Debug|Any CPU
		{D94B9F2F-EFAA-43D3-9E3E-3AFDBAF93927}.Debug|x64.ActiveCfg = Debug|Any CPU
		{D94B9F2F-EFAA-43D3-9E3E-3AFDBAF93927}.Debug|x64.Build.0 = Debug|Any CPU
		{D94B9F2F-EFAA-43D3-9E3E-3AFDBAF93927}.Debug|x86.ActiveCfg = Debug|Any CPU
		{D94B9F2F-EFAA-43D3-9E3E-3AFDBAF93927}.Debug|x86.Build.0 = Debug|Any CPU
		{D94B9F2F-EFAA-43D3-9E3E-3AFDBAF93927}.Release|Any CPU.ActiveCfg = Release|Any CPU
		{D94B9F2F-EFAA-43D3-9E3E-3AFDBAF93927}.Release|Any CPU.Build.0 = Release|Any CPU
		{D94B9F2F-EFAA-43D3-9E3E-3AFDBAF93927}.Release|x64.ActiveCfg = Release|Any CPU
		{D94B9F2F-EFAA-43D3-9E3E-3AFDBAF93927}.Release|x64.Build.0 = Release|Any CPU
		{D94B9F2F-EFAA-43D3-9E3E-3AFDBAF93927}.Release|x86.ActiveCfg = Release|Any CPU
		{D94B9F2F-EFAA-43D3-9E3E-3AFDBAF93927}.Release|x86.Build.0 = Release|Any CPU
	EndGlobalSection
	GlobalSection(SolutionProperties) = preSolution
		HideSolutionNode = FALSE
	EndGlobalSection
	GlobalSection(ExtensibilityGlobals) = postSolution
		SolutionGuid = {EA040D5B-3B54-4CBA-8A3C-947FFF8761E4}
	EndGlobalSection
EndGlobal
